
Microsoft Visual Studio Solution File, Format Version 12.00
# Visual Studio 2017
Project("{FAE04EC0-301F-11D3-BF4B-00C04F79EFBC}") = "moba defen", "moba defen.csproj", "{7664CB04-4127-A126-3038-7072FBB9F01D}"
EndProject
Project("{FAE04EC0-301F-11D3-BF4B-00C04F79EFBC}") = "moba defen", "moba defen.csproj", "{7664CB04-4127-A126-3038-7072FBB9F01D}"
EndProject
Project("{FAE04EC0-301F-11D3-BF4B-00C04F79EFBC}") = "moba defen", "moba defen.csproj", "{7664CB04-4127-A126-3038-7072FBB9F01D}"
EndProject
Project("{FAE04EC0-301F-11D3-BF4B-00C04F79EFBC}") = "moba defen", "moba defen.csproj", "{7664CB04-4127-A126-3038-7072FBB9F01D}"
EndProject
Project("{FAE04EC0-301F-11D3-BF4B-00C04F79EFBC}") = "moba defen", "moba defen.csproj", "{7664CB04-4127-A126-3038-7072FBB9F01D}"
EndProject
Project("{FAE04EC0-301F-11D3-BF4B-00C04F79EFBC}") = "moba defen", "moba defen.csproj", "{7664CB04-4127-A126-3038-7072FBB9F01D}"
EndProject
Project("{FAE04EC0-301F-11D3-BF4B-00C04F79EFBC}") = "moba defen", "moba defen.csproj", "{7664CB04-4127-A126-3038-7072FBB9F01D}"
EndProject
Project("{FAE04EC0-301F-11D3-BF4B-00C04F79EFBC}") = "moba defen", "moba defen.csproj", "{7664CB04-4127-A126-3038-7072FBB9F01D}"
EndProject
Project("{FAE04EC0-301F-11D3-BF4B-00C04F79EFBC}") = "moba defen", "moba defen.csproj", "{7664CB04-4127-A126-3038-7072FBB9F01D}"
EndProject
Project("{FAE04EC0-301F-11D3-BF4B-00C04F79EFBC}") = "moba defen", "moba defen.csproj", "{7664CB04-4127-A126-3038-7072FBB9F01D}"
EndProject
Project("{FAE04EC0-301F-11D3-BF4B-00C04F79EFBC}") = "moba defen", "moba defen.csproj", "{7664CB04-4127-A126-3038-7072FBB9F01D}"
EndProject
Project("{FAE04EC0-301F-11D3-BF4B-00C04F79EFBC}") = "moba defen", "moba defen.csproj", "{7664CB04-4127-A126-3038-7072FBB9F01D}"
EndProject
Project("{FAE04EC0-301F-11D3-BF4B-00C04F79EFBC}") = "moba defen", "moba defen.csproj", "{7664CB04-4127-A126-3038-7072FBB9F01D}"
EndProject
Project("{FAE04EC0-301F-11D3-BF4B-00C04F79EFBC}") = "moba defen", "moba defen.csproj", "{7664CB04-4127-A126-3038-7072FBB9F01D}"
EndProject
Project("{FAE04EC0-301F-11D3-BF4B-00C04F79EFBC}") = "moba defen.Editor", "moba defen.Editor.csproj", "{B6912E7F-71E9-4588-5685-F461831760F2}"
EndProject
Project("{FAE04EC0-301F-11D3-BF4B-00C04F79EFBC}") = "moba defen.Editor", "moba defen.Editor.csproj", "{B6912E7F-71E9-4588-5685-F461831760F2}"
EndProject
Project("{FAE04EC0-301F-11D3-BF4B-00C04F79EFBC}") = "moba defen.Editor", "moba defen.Editor.csproj", "{B6912E7F-71E9-4588-5685-F461831760F2}"
EndProject
Project("{FAE04EC0-301F-11D3-BF4B-00C04F79EFBC}") = "moba defen.Editor", "moba defen.Editor.csproj", "{B6912E7F-71E9-4588-5685-F461831760F2}"
EndProject
Project("{FAE04EC0-301F-11D3-BF4B-00C04F79EFBC}") = "moba defen.Editor", "moba defen.Editor.csproj", "{B6912E7F-71E9-4588-5685-F461831760F2}"
EndProject
Project("{FAE04EC0-301F-11D3-BF4B-00C04F79EFBC}") = "moba defen.Editor", "moba defen.Editor.csproj", "{B6912E7F-71E9-4588-5685-F461831760F2}"
EndProject
Project("{FAE04EC0-301F-11D3-BF4B-00C04F79EFBC}") = "moba defen.Editor", "moba defen.Editor.csproj", "{B6912E7F-71E9-4588-5685-F461831760F2}"
EndProject
Project("{FAE04EC0-301F-11D3-BF4B-00C04F79EFBC}") = "moba defen.Editor", "moba defen.Editor.csproj", "{B6912E7F-71E9-4588-5685-F461831760F2}"
EndProject
Project("{FAE04EC0-301F-11D3-BF4B-00C04F79EFBC}") = "moba defen.Editor", "moba defen.Editor.csproj", "{B6912E7F-71E9-4588-5685-F461831760F2}"
EndProject
Project("{FAE04EC0-301F-11D3-BF4B-00C04F79EFBC}") = "moba defen.Editor", "moba defen.Editor.csproj", "{B6912E7F-71E9-4588-5685-F461831760F2}"
EndProject
Project("{FAE04EC0-301F-11D3-BF4B-00C04F79EFBC}") = "moba defen.Editor", "moba defen.Editor.csproj", "{B6912E7F-71E9-4588-5685-F461831760F2}"
EndProject
Project("{FAE04EC0-301F-11D3-BF4B-00C04F79EFBC}") = "moba defen.Editor", "moba defen.Editor.csproj", "{B6912E7F-71E9-4588-5685-F461831760F2}"
EndProject
Project("{FAE04EC0-301F-11D3-BF4B-00C04F79EFBC}") = "moba defen.Editor", "moba defen.Editor.csproj", "{B6912E7F-71E9-4588-5685-F461831760F2}"
EndProject
Project("{FAE04EC0-301F-11D3-BF4B-00C04F79EFBC}") = "moba defen.Editor", "moba defen.Editor.csproj", "{B6912E7F-71E9-4588-5685-F461831760F2}"
EndProject
Project("{FAE04EC0-301F-11D3-BF4B-00C04F79EFBC}") = "moba defen.Editor", "moba defen.Editor.csproj", "{B6912E7F-71E9-4588-5685-F461831760F2}"
EndProject
Project("{FAE04EC0-301F-11D3-BF4B-00C04F79EFBC}") = "moba defen.Editor", "moba defen.Editor.csproj", "{B6912E7F-71E9-4588-5685-F461831760F2}"
EndProject
Project("{FAE04EC0-301F-11D3-BF4B-00C04F79EFBC}") = "moba defen.Editor", "moba defen.Editor.csproj", "{B6912E7F-71E9-4588-5685-F461831760F2}"
EndProject
Global
	GlobalSection(SolutionConfigurationPlatforms) = preSolution
		Debug|Any CPU = Debug|Any CPU
		Release|Any CPU = Release|Any CPU
	EndGlobalSection
	GlobalSection(ProjectConfigurationPlatforms) = postSolution
		{7664CB04-4127-A126-3038-7072FBB9F01D}.Debug|Any CPU.ActiveCfg = Debug|Any CPU
		{7664CB04-4127-A126-3038-7072FBB9F01D}.Debug|Any CPU.Build.0 = Debug|Any CPU
		{7664CB04-4127-A126-3038-7072FBB9F01D}.Release|Any CPU.ActiveCfg = Release|Any CPU
		{7664CB04-4127-A126-3038-7072FBB9F01D}.Release|Any CPU.Build.0 = Release|Any CPU
		{7664CB04-4127-A126-3038-7072FBB9F01D}.Debug|Any CPU.ActiveCfg = Debug|Any CPU
		{7664CB04-4127-A126-3038-7072FBB9F01D}.Debug|Any CPU.Build.0 = Debug|Any CPU
		{7664CB04-4127-A126-3038-7072FBB9F01D}.Release|Any CPU.ActiveCfg = Release|Any CPU
		{7664CB04-4127-A126-3038-7072FBB9F01D}.Release|Any CPU.Build.0 = Release|Any CPU
		{7664CB04-4127-A126-3038-7072FBB9F01D}.Debug|Any CPU.ActiveCfg = Debug|Any CPU
		{7664CB04-4127-A126-3038-7072FBB9F01D}.Debug|Any CPU.Build.0 = Debug|Any CPU
		{7664CB04-4127-A126-3038-7072FBB9F01D}.Release|Any CPU.ActiveCfg = Release|Any CPU
		{7664CB04-4127-A126-3038-7072FBB9F01D}.Release|Any CPU.Build.0 = Release|Any CPU
		{7664CB04-4127-A126-3038-7072FBB9F01D}.Debug|Any CPU.ActiveCfg = Debug|Any CPU
		{7664CB04-4127-A126-3038-7072FBB9F01D}.Debug|Any CPU.Build.0 = Debug|Any CPU
		{7664CB04-4127-A126-3038-7072FBB9F01D}.Release|Any CPU.ActiveCfg = Release|Any CPU
		{7664CB04-4127-A126-3038-7072FBB9F01D}.Release|Any CPU.Build.0 = Release|Any CPU
		{7664CB04-4127-A126-3038-7072FBB9F01D}.Debug|Any CPU.ActiveCfg = Debug|Any CPU
		{7664CB04-4127-A126-3038-7072FBB9F01D}.Debug|Any CPU.Build.0 = Debug|Any CPU
		{7664CB04-4127-A126-3038-7072FBB9F01D}.Release|Any CPU.ActiveCfg = Release|Any CPU
		{7664CB04-4127-A126-3038-7072FBB9F01D}.Release|Any CPU.Build.0 = Release|Any CPU
		{7664CB04-4127-A126-3038-7072FBB9F01D}.Debug|Any CPU.ActiveCfg = Debug|Any CPU
		{7664CB04-4127-A126-3038-7072FBB9F01D}.Debug|Any CPU.Build.0 = Debug|Any CPU
		{7664CB04-4127-A126-3038-7072FBB9F01D}.Release|Any CPU.ActiveCfg = Release|Any CPU
		{7664CB04-4127-A126-3038-7072FBB9F01D}.Release|Any CPU.Build.0 = Release|Any CPU
		{7664CB04-4127-A126-3038-7072FBB9F01D}.Debug|Any CPU.ActiveCfg = Debug|Any CPU
		{7664CB04-4127-A126-3038-7072FBB9F01D}.Debug|Any CPU.Build.0 = Debug|Any CPU
		{7664CB04-4127-A126-3038-7072FBB9F01D}.Release|Any CPU.ActiveCfg = Release|Any CPU
		{7664CB04-4127-A126-3038-7072FBB9F01D}.Release|Any CPU.Build.0 = Release|Any CPU
		{7664CB04-4127-A126-3038-7072FBB9F01D}.Debug|Any CPU.ActiveCfg = Debug|Any CPU
		{7664CB04-4127-A126-3038-7072FBB9F01D}.Debug|Any CPU.Build.0 = Debug|Any CPU
		{7664CB04-4127-A126-3038-7072FBB9F01D}.Release|Any CPU.ActiveCfg = Release|Any CPU
		{7664CB04-4127-A126-3038-7072FBB9F01D}.Release|Any CPU.Build.0 = Release|Any CPU
		{7664CB04-4127-A126-3038-7072FBB9F01D}.Debug|Any CPU.ActiveCfg = Debug|Any CPU
		{7664CB04-4127-A126-3038-7072FBB9F01D}.Debug|Any CPU.Build.0 = Debug|Any CPU
		{7664CB04-4127-A126-3038-7072FBB9F01D}.Release|Any CPU.ActiveCfg = Release|Any CPU
		{7664CB04-4127-A126-3038-7072FBB9F01D}.Release|Any CPU.Build.0 = Release|Any CPU
		{7664CB04-4127-A126-3038-7072FBB9F01D}.Debug|Any CPU.ActiveCfg = Debug|Any CPU
		{7664CB04-4127-A126-3038-7072FBB9F01D}.Debug|Any CPU.Build.0 = Debug|Any CPU
		{7664CB04-4127-A126-3038-7072FBB9F01D}.Release|Any CPU.ActiveCfg = Release|Any CPU
		{7664CB04-4127-A126-3038-7072FBB9F01D}.Release|Any CPU.Build.0 = Release|Any CPU
		{7664CB04-4127-A126-3038-7072FBB9F01D}.Debug|Any CPU.ActiveCfg = Debug|Any CPU
		{7664CB04-4127-A126-3038-7072FBB9F01D}.Debug|Any CPU.Build.0 = Debug|Any CPU
		{7664CB04-4127-A126-3038-7072FBB9F01D}.Release|Any CPU.ActiveCfg = Release|Any CPU
		{7664CB04-4127-A126-3038-7072FBB9F01D}.Release|Any CPU.Build.0 = Release|Any CPU
		{7664CB04-4127-A126-3038-7072FBB9F01D}.Debug|Any CPU.ActiveCfg = Debug|Any CPU
		{7664CB04-4127-A126-3038-7072FBB9F01D}.Debug|Any CPU.Build.0 = Debug|Any CPU
		{7664CB04-4127-A126-3038-7072FBB9F01D}.Release|Any CPU.ActiveCfg = Release|Any CPU
		{7664CB04-4127-A126-3038-7072FBB9F01D}.Release|Any CPU.Build.0 = Release|Any CPU
		{7664CB04-4127-A126-3038-7072FBB9F01D}.Debug|Any CPU.ActiveCfg = Debug|Any CPU
		{7664CB04-4127-A126-3038-7072FBB9F01D}.Debug|Any CPU.Build.0 = Debug|Any CPU
		{7664CB04-4127-A126-3038-7072FBB9F01D}.Release|Any CPU.ActiveCfg = Release|Any CPU
		{7664CB04-4127-A126-3038-7072FBB9F01D}.Release|Any CPU.Build.0 = Release|Any CPU
		{7664CB04-4127-A126-3038-7072FBB9F01D}.Debug|Any CPU.ActiveCfg = Debug|Any CPU
		{7664CB04-4127-A126-3038-7072FBB9F01D}.Debug|Any CPU.Build.0 = Debug|Any CPU
		{7664CB04-4127-A126-3038-7072FBB9F01D}.Release|Any CPU.ActiveCfg = Release|Any CPU
		{7664CB04-4127-A126-3038-7072FBB9F01D}.Release|Any CPU.Build.0 = Release|Any CPU
		{B6912E7F-71E9-4588-5685-F461831760F2}.Debug|Any CPU.ActiveCfg = Debug|Any CPU
		{B6912E7F-71E9-4588-5685-F461831760F2}.Debug|Any CPU.Build.0 = Debug|Any CPU
		{B6912E7F-71E9-4588-5685-F461831760F2}.Release|Any CPU.ActiveCfg = Release|Any CPU
		{B6912E7F-71E9-4588-5685-F461831760F2}.Release|Any CPU.Build.0 = Release|Any CPU
		{B6912E7F-71E9-4588-5685-F461831760F2}.Debug|Any CPU.ActiveCfg = Debug|Any CPU
		{B6912E7F-71E9-4588-5685-F461831760F2}.Debug|Any CPU.Build.0 = Debug|Any CPU
		{B6912E7F-71E9-4588-5685-F461831760F2}.Release|Any CPU.ActiveCfg = Release|Any CPU
		{B6912E7F-71E9-4588-5685-F461831760F2}.Release|Any CPU.Build.0 = Release|Any CPU
		{B6912E7F-71E9-4588-5685-F461831760F2}.Debug|Any CPU.ActiveCfg = Debug|Any CPU
		{B6912E7F-71E9-4588-5685-F461831760F2}.Debug|Any CPU.Build.0 = Debug|Any CPU
		{B6912E7F-71E9-4588-5685-F461831760F2}.Release|Any CPU.ActiveCfg = Release|Any CPU
		{B6912E7F-71E9-4588-5685-F461831760F2}.Release|Any CPU.Build.0 = Release|Any CPU
		{B6912E7F-71E9-4588-5685-F461831760F2}.Debug|Any CPU.ActiveCfg = Debug|Any CPU
		{B6912E7F-71E9-4588-5685-F461831760F2}.Debug|Any CPU.Build.0 = Debug|Any CPU
		{B6912E7F-71E9-4588-5685-F461831760F2}.Release|Any CPU.ActiveCfg = Release|Any CPU
		{B6912E7F-71E9-4588-5685-F461831760F2}.Release|Any CPU.Build.0 = Release|Any CPU
		{B6912E7F-71E9-4588-5685-F461831760F2}.Debug|Any CPU.ActiveCfg = Debug|Any CPU
		{B6912E7F-71E9-4588-5685-F461831760F2}.Debug|Any CPU.Build.0 = Debug|Any CPU
		{B6912E7F-71E9-4588-5685-F461831760F2}.Release|Any CPU.ActiveCfg = Release|Any CPU
		{B6912E7F-71E9-4588-5685-F461831760F2}.Release|Any CPU.Build.0 = Release|Any CPU
		{B6912E7F-71E9-4588-5685-F461831760F2}.Debug|Any CPU.ActiveCfg = Debug|Any CPU
		{B6912E7F-71E9-4588-5685-F461831760F2}.Debug|Any CPU.Build.0 = Debug|Any CPU
		{B6912E7F-71E9-4588-5685-F461831760F2}.Release|Any CPU.ActiveCfg = Release|Any CPU
		{B6912E7F-71E9-4588-5685-F461831760F2}.Release|Any CPU.Build.0 = Release|Any CPU
		{B6912E7F-71E9-4588-5685-F461831760F2}.Debug|Any CPU.ActiveCfg = Debug|Any CPU
		{B6912E7F-71E9-4588-5685-F461831760F2}.Debug|Any CPU.Build.0 = Debug|Any CPU
		{B6912E7F-71E9-4588-5685-F461831760F2}.Release|Any CPU.ActiveCfg = Release|Any CPU
		{B6912E7F-71E9-4588-5685-F461831760F2}.Release|Any CPU.Build.0 = Release|Any CPU
		{B6912E7F-71E9-4588-5685-F461831760F2}.Debug|Any CPU.ActiveCfg = Debug|Any CPU
		{B6912E7F-71E9-4588-5685-F461831760F2}.Debug|Any CPU.Build.0 = Debug|Any CPU
		{B6912E7F-71E9-4588-5685-F461831760F2}.Release|Any CPU.ActiveCfg = Release|Any CPU
		{B6912E7F-71E9-4588-5685-F461831760F2}.Release|Any CPU.Build.0 = Release|Any CPU
		{B6912E7F-71E9-4588-5685-F461831760F2}.Debug|Any CPU.ActiveCfg = Debug|Any CPU
		{B6912E7F-71E9-4588-5685-F461831760F2}.Debug|Any CPU.Build.0 = Debug|Any CPU
		{B6912E7F-71E9-4588-5685-F461831760F2}.Release|Any CPU.ActiveCfg = Release|Any CPU
		{B6912E7F-71E9-4588-5685-F461831760F2}.Release|Any CPU.Build.0 = Release|Any CPU
		{B6912E7F-71E9-4588-5685-F461831760F2}.Debug|Any CPU.ActiveCfg = Debug|Any CPU
		{B6912E7F-71E9-4588-5685-F461831760F2}.Debug|Any CPU.Build.0 = Debug|Any CPU
		{B6912E7F-71E9-4588-5685-F461831760F2}.Release|Any CPU.ActiveCfg = Release|Any CPU
		{B6912E7F-71E9-4588-5685-F461831760F2}.Release|Any CPU.Build.0 = Release|Any CPU
		{B6912E7F-71E9-4588-5685-F461831760F2}.Debug|Any CPU.ActiveCfg = Debug|Any CPU
		{B6912E7F-71E9-4588-5685-F461831760F2}.Debug|Any CPU.Build.0 = Debug|Any CPU
		{B6912E7F-71E9-4588-5685-F461831760F2}.Release|Any CPU.ActiveCfg = Release|Any CPU
		{B6912E7F-71E9-4588-5685-F461831760F2}.Release|Any CPU.Build.0 = Release|Any CPU
		{B6912E7F-71E9-4588-5685-F461831760F2}.Debug|Any CPU.ActiveCfg = Debug|Any CPU
		{B6912E7F-71E9-4588-5685-F461831760F2}.Debug|Any CPU.Build.0 = Debug|Any CPU
		{B6912E7F-71E9-4588-5685-F461831760F2}.Release|Any CPU.ActiveCfg = Release|Any CPU
		{B6912E7F-71E9-4588-5685-F461831760F2}.Release|Any CPU.Build.0 = Release|Any CPU
		{B6912E7F-71E9-4588-5685-F461831760F2}.Debug|Any CPU.ActiveCfg = Debug|Any CPU
		{B6912E7F-71E9-4588-5685-F461831760F2}.Debug|Any CPU.Build.0 = Debug|Any CPU
		{B6912E7F-71E9-4588-5685-F461831760F2}.Release|Any CPU.ActiveCfg = Release|Any CPU
		{B6912E7F-71E9-4588-5685-F461831760F2}.Release|Any CPU.Build.0 = Release|Any CPU
		{B6912E7F-71E9-4588-5685-F461831760F2}.Debug|Any CPU.ActiveCfg = Debug|Any CPU
		{B6912E7F-71E9-4588-5685-F461831760F2}.Debug|Any CPU.Build.0 = Debug|Any CPU
		{B6912E7F-71E9-4588-5685-F461831760F2}.Release|Any CPU.ActiveCfg = Release|Any CPU
		{B6912E7F-71E9-4588-5685-F461831760F2}.Release|Any CPU.Build.0 = Release|Any CPU
		{B6912E7F-71E9-4588-5685-F461831760F2}.Debug|Any CPU.ActiveCfg = Debug|Any CPU
		{B6912E7F-71E9-4588-5685-F461831760F2}.Debug|Any CPU.Build.0 = Debug|Any CPU
		{B6912E7F-71E9-4588-5685-F461831760F2}.Release|Any CPU.ActiveCfg = Release|Any CPU
		{B6912E7F-71E9-4588-5685-F461831760F2}.Release|Any CPU.Build.0 = Release|Any CPU
		{B6912E7F-71E9-4588-5685-F461831760F2}.Debug|Any CPU.ActiveCfg = Debug|Any CPU
		{B6912E7F-71E9-4588-5685-F461831760F2}.Debug|Any CPU.Build.0 = Debug|Any CPU
		{B6912E7F-71E9-4588-5685-F461831760F2}.Release|Any CPU.ActiveCfg = Release|Any CPU
		{B6912E7F-71E9-4588-5685-F461831760F2}.Release|Any CPU.Build.0 = Release|Any CPU
		{B6912E7F-71E9-4588-5685-F461831760F2}.Debug|Any CPU.ActiveCfg = Debug|Any CPU
		{B6912E7F-71E9-4588-5685-F461831760F2}.Debug|Any CPU.Build.0 = Debug|Any CPU
		{B6912E7F-71E9-4588-5685-F461831760F2}.Release|Any CPU.ActiveCfg = Release|Any CPU
		{B6912E7F-71E9-4588-5685-F461831760F2}.Release|Any CPU.Build.0 = Release|Any CPU
	EndGlobalSection
	GlobalSection(SolutionProperties) = preSolution
		HideSolutionNode = FALSE
	EndGlobalSection
EndGlobal
